{
  "version": 4,
  "terraform_version": "1.10.5",
  "serial": 786,
  "lineage": "bc37c652-d90d-5a64-f4d7-8090c49708b0",
  "outputs": {
    "loadbalancer_floating_ip": {
      "value": "10.32.7.162",
      "type": "string"
    },
    "private_ips": {
      "value": [
        "192.168.255.224",
        "192.168.255.197",
        "192.168.255.61"
      ],
      "type": [
        "tuple",
        [
          "string",
          "string",
          "string"
        ]
      ]
    }
  },
  "resources": [
    {
      "mode": "data",
      "type": "openstack_compute_keypair_v2",
      "name": "terraform_keypair",
      "provider": "provider[\"registry.terraform.io/terraform-provider-openstack/openstack\"]",
      "instances": [
        {
          "schema_version": 0,
          "attributes": {
            "fingerprint": "4b:d0:8f:e7:87:99:f0:f1:76:30:09:db:45:87:36:1d",
            "id": "DockerInstanceKeyPair",
            "name": "DockerInstanceKeyPair",
            "public_key": "ssh-rsa AAAAB3NzaC1yc2EAAAADAQABAAABAQCf7FzMRclvaYI1ke9UgAaRgaWuRKUHcwjz9EuGfyOVledMxScs2VhR/D+q1TSW7fTn8sUDlgn2I7J+TvwTjrYcp+7Aq9KOz5MbL2dIoG5N3KI0YqCZ5NSc896wB0ABkdwAQffCPH8pRvcn/89ua4NxRBKkmA9tBbc7e5YJD0PVk46+K4mHCeOj82n7+uA5JFVQRe3VETT3UDq1S1LdPwBYxweufCF5PP/EQEVM7VXKH4Dyo7JOEILhRH3lMX2jcukShdbFuJOH/yRbKS3+BVVIKWcDdWW1PtKnM5ZgSfZ721T4hwAddgp6XnUG8Wlm+bhsUU/kaPIMbRmTN4a679lT Generated-by-Nova",
            "region": "RegionOne",
            "user_id": "fcd72c318372489e94d350ed5b28bd7a"
          },
          "sensitive_attributes": []
        }
      ]
    },
    {
      "mode": "data",
      "type": "openstack_networking_router_v2",
      "name": "existing_router",
      "provider": "provider[\"registry.terraform.io/terraform-provider-openstack/openstack\"]",
      "instances": [
        {
          "schema_version": 0,
          "attributes": {
            "admin_state_up": true,
            "all_tags": [],
            "availability_zone_hints": [],
            "description": "",
            "distributed": false,
            "enable_snat": true,
            "external_fixed_ip": [
              {
                "ip_address": "10.32.5.51",
                "subnet_id": "8a92550a-de9d-458b-a81a-bb75e9713de3"
              }
            ],
            "external_network_id": "6f530989-999a-49e6-9197-8a33ae7bfce7",
            "id": "7f9dc49a-6206-444e-b078-78b478f3215f",
            "name": "CloudServ5-router",
            "region": "RegionOne",
            "router_id": null,
            "status": "ACTIVE",
            "tags": null,
            "tenant_id": "42df268bf0cb4cc29c7df8a6db120545"
          },
          "sensitive_attributes": []
        }
      ]
    },
    {
      "mode": "managed",
      "type": "openstack_compute_instance_v2",
      "name": "docker_instances",
      "provider": "provider[\"registry.terraform.io/terraform-provider-openstack/openstack\"]",
      "instances": [
        {
          "index_key": 0,
          "schema_version": 0,
          "attributes": {
            "access_ip_v4": "192.168.255.224",
            "access_ip_v6": "",
            "admin_pass": null,
            "all_metadata": {},
            "all_tags": [],
            "availability_zone": "nova",
            "availability_zone_hints": null,
            "block_device": [],
            "config_drive": null,
            "created": "2025-02-06 14:22:13 +0000 UTC",
            "flavor_id": "2",
            "flavor_name": "m1.small",
            "force_delete": false,
            "id": "d07b5d24-2c0e-457c-b29f-5fd9843a93dd",
            "image_id": "1404d277-1fd2-4682-9fbd-80c7d05b80e1",
            "image_name": "ubuntu-22.04-jammy-server-cloud-image-amd64",
            "key_pair": "DockerInstanceKeyPair",
            "metadata": null,
            "name": "docker-instance-1",
            "network": [
              {
                "access_network": false,
                "fixed_ip_v4": "192.168.255.224",
                "fixed_ip_v6": "",
                "mac": "fa:16:3e:01:df:8f",
                "name": "my-terraform-network-1",
                "port": "",
                "uuid": "352ff3a5-5fd3-4da6-956c-528bbaac266d"
              }
            ],
            "network_mode": null,
            "personality": [],
            "power_state": "active",
            "region": "RegionOne",
            "scheduler_hints": [],
            "security_groups": [
              "my-terraform-secgroup"
            ],
            "stop_before_destroy": false,
            "tags": null,
            "timeouts": null,
            "updated": "2025-02-06 14:22:23 +0000 UTC",
            "user_data": "c011e66d2f0c8f7612dfc393175c4be7c4a127d2",
            "vendor_options": []
          },
          "sensitive_attributes": [
            [
              {
                "type": "get_attr",
                "value": "admin_pass"
              }
            ]
          ],
          "private": "eyJlMmJmYjczMC1lY2FhLTExZTYtOGY4OC0zNDM2M2JjN2M0YzAiOnsiY3JlYXRlIjoxODAwMDAwMDAwMDAwLCJkZWxldGUiOjE4MDAwMDAwMDAwMDAsInVwZGF0ZSI6MTgwMDAwMDAwMDAwMH19",
          "dependencies": [
            "data.openstack_compute_keypair_v2.terraform_keypair",
            "openstack_networking_network_v2.terraform_network",
            "openstack_networking_secgroup_v2.terraform_secgroup"
          ]
        },
        {
          "index_key": 1,
          "schema_version": 0,
          "attributes": {
            "access_ip_v4": "192.168.255.197",
            "access_ip_v6": "",
            "admin_pass": null,
            "all_metadata": {},
            "all_tags": [],
            "availability_zone": "nova",
            "availability_zone_hints": null,
            "block_device": [],
            "config_drive": null,
            "created": "2025-02-06 14:22:13 +0000 UTC",
            "flavor_id": "2",
            "flavor_name": "m1.small",
            "force_delete": false,
            "id": "8c575c67-756f-4cb0-acd1-02f9c9deed8c",
            "image_id": "1404d277-1fd2-4682-9fbd-80c7d05b80e1",
            "image_name": "ubuntu-22.04-jammy-server-cloud-image-amd64",
            "key_pair": "DockerInstanceKeyPair",
            "metadata": null,
            "name": "docker-instance-2",
            "network": [
              {
                "access_network": false,
                "fixed_ip_v4": "192.168.255.197",
                "fixed_ip_v6": "",
                "mac": "fa:16:3e:91:50:29",
                "name": "my-terraform-network-1",
                "port": "",
                "uuid": "352ff3a5-5fd3-4da6-956c-528bbaac266d"
              }
            ],
            "network_mode": null,
            "personality": [],
            "power_state": "active",
            "region": "RegionOne",
            "scheduler_hints": [],
            "security_groups": [
              "my-terraform-secgroup"
            ],
            "stop_before_destroy": false,
            "tags": null,
            "timeouts": null,
            "updated": "2025-02-06 14:22:21 +0000 UTC",
            "user_data": "c011e66d2f0c8f7612dfc393175c4be7c4a127d2",
            "vendor_options": []
          },
          "sensitive_attributes": [
            [
              {
                "type": "get_attr",
                "value": "admin_pass"
              }
            ]
          ],
          "private": "eyJlMmJmYjczMC1lY2FhLTExZTYtOGY4OC0zNDM2M2JjN2M0YzAiOnsiY3JlYXRlIjoxODAwMDAwMDAwMDAwLCJkZWxldGUiOjE4MDAwMDAwMDAwMDAsInVwZGF0ZSI6MTgwMDAwMDAwMDAwMH19",
          "dependencies": [
            "data.openstack_compute_keypair_v2.terraform_keypair",
            "openstack_networking_network_v2.terraform_network",
            "openstack_networking_secgroup_v2.terraform_secgroup"
          ]
        },
        {
          "index_key": 2,
          "schema_version": 0,
          "attributes": {
            "access_ip_v4": "192.168.255.61",
            "access_ip_v6": "",
            "admin_pass": null,
            "all_metadata": {},
            "all_tags": [],
            "availability_zone": "nova",
            "availability_zone_hints": null,
            "block_device": [],
            "config_drive": null,
            "created": "2025-02-06 14:22:13 +0000 UTC",
            "flavor_id": "2",
            "flavor_name": "m1.small",
            "force_delete": false,
            "id": "67bad288-ab7f-4d09-ab7f-998f7a60a92a",
            "image_id": "1404d277-1fd2-4682-9fbd-80c7d05b80e1",
            "image_name": "ubuntu-22.04-jammy-server-cloud-image-amd64",
            "key_pair": "DockerInstanceKeyPair",
            "metadata": null,
            "name": "docker-instance-3",
            "network": [
              {
                "access_network": false,
                "fixed_ip_v4": "192.168.255.61",
                "fixed_ip_v6": "",
                "mac": "fa:16:3e:14:9c:af",
                "name": "my-terraform-network-1",
                "port": "",
                "uuid": "352ff3a5-5fd3-4da6-956c-528bbaac266d"
              }
            ],
            "network_mode": null,
            "personality": [],
            "power_state": "active",
            "region": "RegionOne",
            "scheduler_hints": [],
            "security_groups": [
              "my-terraform-secgroup"
            ],
            "stop_before_destroy": false,
            "tags": null,
            "timeouts": null,
            "updated": "2025-02-06 14:22:19 +0000 UTC",
            "user_data": "c011e66d2f0c8f7612dfc393175c4be7c4a127d2",
            "vendor_options": []
          },
          "sensitive_attributes": [
            [
              {
                "type": "get_attr",
                "value": "admin_pass"
              }
            ]
          ],
          "private": "eyJlMmJmYjczMC1lY2FhLTExZTYtOGY4OC0zNDM2M2JjN2M0YzAiOnsiY3JlYXRlIjoxODAwMDAwMDAwMDAwLCJkZWxldGUiOjE4MDAwMDAwMDAwMDAsInVwZGF0ZSI6MTgwMDAwMDAwMDAwMH19",
          "dependencies": [
            "data.openstack_compute_keypair_v2.terraform_keypair",
            "openstack_networking_network_v2.terraform_network",
            "openstack_networking_secgroup_v2.terraform_secgroup"
          ]
        }
      ]
    },
    {
      "mode": "managed",
      "type": "openstack_lb_listener_v2",
      "name": "listener_1",
      "provider": "provider[\"registry.terraform.io/terraform-provider-openstack/openstack\"]",
      "instances": [
        {
          "schema_version": 0,
          "attributes": {
            "admin_state_up": true,
            "allowed_cidrs": null,
            "alpn_protocols": [],
            "client_authentication": "NONE",
            "client_ca_tls_container_ref": "",
            "client_crl_container_ref": "",
            "connection_limit": -1,
            "default_pool_id": "",
            "default_tls_container_ref": "",
            "description": "",
            "hsts_include_subdomains": false,
            "hsts_max_age": 0,
            "hsts_preload": false,
            "id": "2e6033e8-372c-478d-9aa0-93d66d170722",
            "insert_headers": null,
            "loadbalancer_id": "b9c1865c-8325-4928-a8c9-fff90ed1314a",
            "name": "my-listener",
            "protocol": "HTTP",
            "protocol_port": 8080,
            "region": "RegionOne",
            "sni_container_refs": null,
            "tags": null,
            "tenant_id": "42df268bf0cb4cc29c7df8a6db120545",
            "timeout_client_data": 50000,
            "timeout_member_connect": 5000,
            "timeout_member_data": 50000,
            "timeout_tcp_inspect": 0,
            "timeouts": null,
            "tls_ciphers": "",
            "tls_versions": []
          },
          "sensitive_attributes": [],
          "private": "eyJlMmJmYjczMC1lY2FhLTExZTYtOGY4OC0zNDM2M2JjN2M0YzAiOnsiY3JlYXRlIjo2MDAwMDAwMDAwMDAsImRlbGV0ZSI6NjAwMDAwMDAwMDAwLCJ1cGRhdGUiOjYwMDAwMDAwMDAwMH19",
          "dependencies": [
            "openstack_lb_loadbalancer_v2.lb_1",
            "openstack_networking_network_v2.terraform_network",
            "openstack_networking_subnet_v2.terraform_subnet"
          ]
        }
      ]
    },
    {
      "mode": "managed",
      "type": "openstack_lb_loadbalancer_v2",
      "name": "lb_1",
      "provider": "provider[\"registry.terraform.io/terraform-provider-openstack/openstack\"]",
      "instances": [
        {
          "schema_version": 0,
          "attributes": {
            "admin_state_up": true,
            "availability_zone": "",
            "description": "",
            "flavor_id": "",
            "id": "b9c1865c-8325-4928-a8c9-fff90ed1314a",
            "loadbalancer_provider": "amphora",
            "name": "my-terraform-lb",
            "region": "RegionOne",
            "security_group_ids": [
              "21baaa54-33f6-4c6a-9b76-ac450ab02573"
            ],
            "tags": null,
            "tenant_id": "42df268bf0cb4cc29c7df8a6db120545",
            "timeouts": null,
            "vip_address": "192.168.255.166",
            "vip_network_id": "352ff3a5-5fd3-4da6-956c-528bbaac266d",
            "vip_port_id": "ba24b6e0-8e7e-420c-a921-fca9c00f5e9c",
            "vip_qos_policy_id": "",
            "vip_subnet_id": "8555a0d8-6bfe-41f1-92e3-81fa9073cde4"
          },
          "sensitive_attributes": [],
          "private": "eyJlMmJmYjczMC1lY2FhLTExZTYtOGY4OC0zNDM2M2JjN2M0YzAiOnsiY3JlYXRlIjo2MDAwMDAwMDAwMDAsImRlbGV0ZSI6MzAwMDAwMDAwMDAwLCJ1cGRhdGUiOjYwMDAwMDAwMDAwMH19",
          "dependencies": [
            "openstack_networking_network_v2.terraform_network",
            "openstack_networking_subnet_v2.terraform_subnet"
          ]
        }
      ]
    },
    {
      "mode": "managed",
      "type": "openstack_lb_member_v2",
      "name": "member_1",
      "provider": "provider[\"registry.terraform.io/terraform-provider-openstack/openstack\"]",
      "instances": [
        {
          "index_key": 0,
          "schema_version": 0,
          "attributes": {
            "address": "192.168.255.224",
            "admin_state_up": true,
            "backup": false,
            "id": "1be86435-5843-4d59-9cd8-770657a3a765",
            "monitor_address": "",
            "monitor_port": 0,
            "name": "",
            "pool_id": "39c6ba37-e631-4e55-9ccd-eba092011ce6",
            "protocol_port": 8080,
            "region": "RegionOne",
            "subnet_id": "",
            "tags": null,
            "tenant_id": "42df268bf0cb4cc29c7df8a6db120545",
            "timeouts": null,
            "weight": 1
          },
          "sensitive_attributes": [],
          "private": "eyJlMmJmYjczMC1lY2FhLTExZTYtOGY4OC0zNDM2M2JjN2M0YzAiOnsiY3JlYXRlIjo2MDAwMDAwMDAwMDAsImRlbGV0ZSI6NjAwMDAwMDAwMDAwLCJ1cGRhdGUiOjYwMDAwMDAwMDAwMH19",
          "dependencies": [
            "data.openstack_compute_keypair_v2.terraform_keypair",
            "openstack_compute_instance_v2.docker_instances",
            "openstack_lb_listener_v2.listener_1",
            "openstack_lb_loadbalancer_v2.lb_1",
            "openstack_lb_pool_v2.pool_1",
            "openstack_networking_network_v2.terraform_network",
            "openstack_networking_secgroup_v2.terraform_secgroup",
            "openstack_networking_subnet_v2.terraform_subnet"
          ]
        },
        {
          "index_key": 1,
          "schema_version": 0,
          "attributes": {
            "address": "192.168.255.197",
            "admin_state_up": true,
            "backup": false,
            "id": "92534a70-eb10-4401-99e7-d14d571a80d6",
            "monitor_address": "",
            "monitor_port": 0,
            "name": "",
            "pool_id": "39c6ba37-e631-4e55-9ccd-eba092011ce6",
            "protocol_port": 8080,
            "region": "RegionOne",
            "subnet_id": "",
            "tags": null,
            "tenant_id": "42df268bf0cb4cc29c7df8a6db120545",
            "timeouts": null,
            "weight": 1
          },
          "sensitive_attributes": [],
          "private": "eyJlMmJmYjczMC1lY2FhLTExZTYtOGY4OC0zNDM2M2JjN2M0YzAiOnsiY3JlYXRlIjo2MDAwMDAwMDAwMDAsImRlbGV0ZSI6NjAwMDAwMDAwMDAwLCJ1cGRhdGUiOjYwMDAwMDAwMDAwMH19",
          "dependencies": [
            "data.openstack_compute_keypair_v2.terraform_keypair",
            "openstack_compute_instance_v2.docker_instances",
            "openstack_lb_listener_v2.listener_1",
            "openstack_lb_loadbalancer_v2.lb_1",
            "openstack_lb_pool_v2.pool_1",
            "openstack_networking_network_v2.terraform_network",
            "openstack_networking_secgroup_v2.terraform_secgroup",
            "openstack_networking_subnet_v2.terraform_subnet"
          ]
        }
      ]
    },
    {
      "mode": "managed",
      "type": "openstack_lb_monitor_v2",
      "name": "monitor_1",
      "provider": "provider[\"registry.terraform.io/terraform-provider-openstack/openstack\"]",
      "instances": [
        {
          "schema_version": 0,
          "attributes": {
            "admin_state_up": true,
            "delay": 5,
            "domain_name": "",
            "expected_codes": "200",
            "http_method": "GET",
            "http_version": "",
            "id": "2f2b6bd7-eb6d-42b5-b0cb-7a749812228c",
            "max_retries": 3,
            "max_retries_down": 3,
            "name": "",
            "pool_id": "39c6ba37-e631-4e55-9ccd-eba092011ce6",
            "region": "RegionOne",
            "tenant_id": "42df268bf0cb4cc29c7df8a6db120545",
            "timeout": 3,
            "timeouts": null,
            "type": "HTTP",
            "url_path": "/"
          },
          "sensitive_attributes": [],
          "private": "eyJlMmJmYjczMC1lY2FhLTExZTYtOGY4OC0zNDM2M2JjN2M0YzAiOnsiY3JlYXRlIjo2MDAwMDAwMDAwMDAsImRlbGV0ZSI6NjAwMDAwMDAwMDAwLCJ1cGRhdGUiOjYwMDAwMDAwMDAwMH19",
          "dependencies": [
            "openstack_lb_listener_v2.listener_1",
            "openstack_lb_loadbalancer_v2.lb_1",
            "openstack_lb_pool_v2.pool_1",
            "openstack_networking_network_v2.terraform_network",
            "openstack_networking_subnet_v2.terraform_subnet"
          ]
        }
      ]
    },
    {
      "mode": "managed",
      "type": "openstack_lb_pool_v2",
      "name": "pool_1",
      "provider": "provider[\"registry.terraform.io/terraform-provider-openstack/openstack\"]",
      "instances": [
        {
          "schema_version": 0,
          "attributes": {
            "admin_state_up": true,
            "alpn_protocols": [],
            "ca_tls_container_ref": "",
            "crl_container_ref": "",
            "description": "",
            "id": "39c6ba37-e631-4e55-9ccd-eba092011ce6",
            "lb_method": "ROUND_ROBIN",
            "listener_id": "2e6033e8-372c-478d-9aa0-93d66d170722",
            "loadbalancer_id": null,
            "name": "my-pool",
            "persistence": [],
            "protocol": "HTTP",
            "region": "RegionOne",
            "tags": null,
            "tenant_id": "42df268bf0cb4cc29c7df8a6db120545",
            "timeouts": null,
            "tls_ciphers": "",
            "tls_container_ref": "",
            "tls_enabled": false,
            "tls_versions": []
          },
          "sensitive_attributes": [],
          "private": "eyJlMmJmYjczMC1lY2FhLTExZTYtOGY4OC0zNDM2M2JjN2M0YzAiOnsiY3JlYXRlIjo2MDAwMDAwMDAwMDAsImRlbGV0ZSI6NjAwMDAwMDAwMDAwLCJ1cGRhdGUiOjYwMDAwMDAwMDAwMH19",
          "dependencies": [
            "openstack_lb_listener_v2.listener_1",
            "openstack_lb_loadbalancer_v2.lb_1",
            "openstack_networking_network_v2.terraform_network",
            "openstack_networking_subnet_v2.terraform_subnet"
          ]
        }
      ]
    },
    {
      "mode": "managed",
      "type": "openstack_networking_floatingip_v2",
      "name": "lb_floating_ip",
      "provider": "provider[\"registry.terraform.io/terraform-provider-openstack/openstack\"]",
      "instances": [
        {
          "schema_version": 0,
          "attributes": {
            "address": "10.32.7.162",
            "all_tags": [],
            "description": "",
            "dns_domain": "",
            "dns_name": "",
            "fixed_ip": "192.168.255.166",
            "id": "ae430341-5d41-4f66-9abf-5674bebc63fc",
            "pool": "ext_net",
            "port_id": "ba24b6e0-8e7e-420c-a921-fca9c00f5e9c",
            "region": "RegionOne",
            "subnet_id": null,
            "subnet_ids": null,
            "tags": null,
            "tenant_id": "42df268bf0cb4cc29c7df8a6db120545",
            "timeouts": null,
            "value_specs": null
          },
          "sensitive_attributes": [],
          "private": "eyJlMmJmYjczMC1lY2FhLTExZTYtOGY4OC0zNDM2M2JjN2M0YzAiOnsiY3JlYXRlIjo2MDAwMDAwMDAwMDAsImRlbGV0ZSI6NjAwMDAwMDAwMDAwfX0=",
          "dependencies": [
            "openstack_lb_loadbalancer_v2.lb_1",
            "openstack_networking_network_v2.terraform_network",
            "openstack_networking_subnet_v2.terraform_subnet"
          ]
        }
      ]
    },
    {
      "mode": "managed",
      "type": "openstack_networking_network_v2",
      "name": "terraform_network",
      "provider": "provider[\"registry.terraform.io/terraform-provider-openstack/openstack\"]",
      "instances": [
        {
          "schema_version": 0,
          "attributes": {
            "admin_state_up": true,
            "all_tags": [],
            "availability_zone_hints": [],
            "description": "",
            "dns_domain": "",
            "external": false,
            "id": "352ff3a5-5fd3-4da6-956c-528bbaac266d",
            "mtu": 1442,
            "name": "my-terraform-network-1",
            "port_security_enabled": true,
            "qos_policy_id": "",
            "region": "RegionOne",
            "segments": [],
            "shared": false,
            "tags": null,
            "tenant_id": "42df268bf0cb4cc29c7df8a6db120545",
            "timeouts": null,
            "transparent_vlan": false,
            "value_specs": null
          },
          "sensitive_attributes": [],
          "private": "eyJlMmJmYjczMC1lY2FhLTExZTYtOGY4OC0zNDM2M2JjN2M0YzAiOnsiY3JlYXRlIjo2MDAwMDAwMDAwMDAsImRlbGV0ZSI6NjAwMDAwMDAwMDAwfX0="
        }
      ]
    },
    {
      "mode": "managed",
      "type": "openstack_networking_router_interface_v2",
      "name": "router_interface_1",
      "provider": "provider[\"registry.terraform.io/terraform-provider-openstack/openstack\"]",
      "instances": [
        {
          "schema_version": 0,
          "attributes": {
            "force_destroy": false,
            "id": "db8318ca-d60b-4a9c-bc52-3cb429d0180e",
            "port_id": "db8318ca-d60b-4a9c-bc52-3cb429d0180e",
            "region": "RegionOne",
            "router_id": "7f9dc49a-6206-444e-b078-78b478f3215f",
            "subnet_id": "8555a0d8-6bfe-41f1-92e3-81fa9073cde4",
            "timeouts": null
          },
          "sensitive_attributes": [],
          "private": "eyJlMmJmYjczMC1lY2FhLTExZTYtOGY4OC0zNDM2M2JjN2M0YzAiOnsiY3JlYXRlIjo2MDAwMDAwMDAwMDAsImRlbGV0ZSI6NjAwMDAwMDAwMDAwfX0=",
          "dependencies": [
            "data.openstack_networking_router_v2.existing_router",
            "openstack_networking_network_v2.terraform_network",
            "openstack_networking_subnet_v2.terraform_subnet"
          ]
        }
      ]
    },
    {
      "mode": "managed",
      "type": "openstack_networking_secgroup_rule_v2",
      "name": "secgroup_rule_backend",
      "provider": "provider[\"registry.terraform.io/terraform-provider-openstack/openstack\"]",
      "instances": [
        {
          "schema_version": 0,
          "attributes": {
            "description": "",
            "direction": "ingress",
            "ethertype": "IPv4",
            "id": "c2e0aaa2-caae-4a1a-bb1d-f21b31c8d9ec",
            "port_range_max": 5001,
            "port_range_min": 5001,
            "protocol": "tcp",
            "region": "RegionOne",
            "remote_group_id": "",
            "remote_ip_prefix": "0.0.0.0/0",
            "security_group_id": "891d354b-e4df-48f3-8688-6c945cbc6bca",
            "tenant_id": "42df268bf0cb4cc29c7df8a6db120545",
            "timeouts": null
          },
          "sensitive_attributes": [],
          "private": "eyJlMmJmYjczMC1lY2FhLTExZTYtOGY4OC0zNDM2M2JjN2M0YzAiOnsiZGVsZXRlIjo2MDAwMDAwMDAwMDB9fQ==",
          "dependencies": [
            "openstack_networking_secgroup_v2.terraform_secgroup"
          ]
        }
      ]
    },
    {
      "mode": "managed",
      "type": "openstack_networking_secgroup_rule_v2",
      "name": "secgroup_rule_http",
      "provider": "provider[\"registry.terraform.io/terraform-provider-openstack/openstack\"]",
      "instances": [
        {
          "schema_version": 0,
          "attributes": {
            "description": "",
            "direction": "ingress",
            "ethertype": "IPv4",
            "id": "83e5f945-6b17-44b2-92b9-522054ab195f",
            "port_range_max": 8080,
            "port_range_min": 8080,
            "protocol": "tcp",
            "region": "RegionOne",
            "remote_group_id": "",
            "remote_ip_prefix": "0.0.0.0/0",
            "security_group_id": "891d354b-e4df-48f3-8688-6c945cbc6bca",
            "tenant_id": "42df268bf0cb4cc29c7df8a6db120545",
            "timeouts": null
          },
          "sensitive_attributes": [],
          "private": "eyJlMmJmYjczMC1lY2FhLTExZTYtOGY4OC0zNDM2M2JjN2M0YzAiOnsiZGVsZXRlIjo2MDAwMDAwMDAwMDB9fQ==",
          "dependencies": [
            "openstack_networking_secgroup_v2.terraform_secgroup"
          ]
        }
      ]
    },
    {
      "mode": "managed",
      "type": "openstack_networking_secgroup_rule_v2",
      "name": "secgroup_rule_outbound",
      "provider": "provider[\"registry.terraform.io/terraform-provider-openstack/openstack\"]",
      "instances": [
        {
          "schema_version": 0,
          "attributes": {
            "description": "",
            "direction": "egress",
            "ethertype": "IPv4",
            "id": "a4542e43-05d5-4b11-b78c-3fbf97b1de0d",
            "port_range_max": 80,
            "port_range_min": 80,
            "protocol": "tcp",
            "region": "RegionOne",
            "remote_group_id": "",
            "remote_ip_prefix": "0.0.0.0/0",
            "security_group_id": "891d354b-e4df-48f3-8688-6c945cbc6bca",
            "tenant_id": "42df268bf0cb4cc29c7df8a6db120545",
            "timeouts": null
          },
          "sensitive_attributes": [],
          "private": "eyJlMmJmYjczMC1lY2FhLTExZTYtOGY4OC0zNDM2M2JjN2M0YzAiOnsiZGVsZXRlIjo2MDAwMDAwMDAwMDB9fQ==",
          "dependencies": [
            "openstack_networking_secgroup_v2.terraform_secgroup"
          ]
        }
      ]
    },
    {
      "mode": "managed",
      "type": "openstack_networking_secgroup_rule_v2",
      "name": "secgroup_rule_outbound_https",
      "provider": "provider[\"registry.terraform.io/terraform-provider-openstack/openstack\"]",
      "instances": [
        {
          "schema_version": 0,
          "attributes": {
            "description": "",
            "direction": "egress",
            "ethertype": "IPv4",
            "id": "424580a4-1d69-4831-a41e-8e12d24282b4",
            "port_range_max": 443,
            "port_range_min": 443,
            "protocol": "tcp",
            "region": "RegionOne",
            "remote_group_id": "",
            "remote_ip_prefix": "0.0.0.0/0",
            "security_group_id": "891d354b-e4df-48f3-8688-6c945cbc6bca",
            "tenant_id": "42df268bf0cb4cc29c7df8a6db120545",
            "timeouts": null
          },
          "sensitive_attributes": [],
          "private": "eyJlMmJmYjczMC1lY2FhLTExZTYtOGY4OC0zNDM2M2JjN2M0YzAiOnsiZGVsZXRlIjo2MDAwMDAwMDAwMDB9fQ==",
          "dependencies": [
            "openstack_networking_secgroup_v2.terraform_secgroup"
          ]
        }
      ]
    },
    {
      "mode": "managed",
      "type": "openstack_networking_secgroup_rule_v2",
      "name": "secgroup_rule_ssh",
      "provider": "provider[\"registry.terraform.io/terraform-provider-openstack/openstack\"]",
      "instances": [
        {
          "schema_version": 0,
          "attributes": {
            "description": "",
            "direction": "ingress",
            "ethertype": "IPv4",
            "id": "bf182cd0-ef24-430f-a3e7-9ae5fd83ae83",
            "port_range_max": 22,
            "port_range_min": 22,
            "protocol": "tcp",
            "region": "RegionOne",
            "remote_group_id": "",
            "remote_ip_prefix": "0.0.0.0/0",
            "security_group_id": "891d354b-e4df-48f3-8688-6c945cbc6bca",
            "tenant_id": "42df268bf0cb4cc29c7df8a6db120545",
            "timeouts": null
          },
          "sensitive_attributes": [],
          "private": "eyJlMmJmYjczMC1lY2FhLTExZTYtOGY4OC0zNDM2M2JjN2M0YzAiOnsiZGVsZXRlIjo2MDAwMDAwMDAwMDB9fQ==",
          "dependencies": [
            "openstack_networking_secgroup_v2.terraform_secgroup"
          ]
        }
      ]
    },
    {
      "mode": "managed",
      "type": "openstack_networking_secgroup_v2",
      "name": "terraform_secgroup",
      "provider": "provider[\"registry.terraform.io/terraform-provider-openstack/openstack\"]",
      "instances": [
        {
          "schema_version": 0,
          "attributes": {
            "all_tags": [],
            "delete_default_rules": null,
            "description": "Security group for Docker instance",
            "id": "891d354b-e4df-48f3-8688-6c945cbc6bca",
            "name": "my-terraform-secgroup",
            "region": "RegionOne",
            "stateful": true,
            "tags": null,
            "tenant_id": "42df268bf0cb4cc29c7df8a6db120545",
            "timeouts": null
          },
          "sensitive_attributes": [],
          "private": "eyJlMmJmYjczMC1lY2FhLTExZTYtOGY4OC0zNDM2M2JjN2M0YzAiOnsiZGVsZXRlIjo2MDAwMDAwMDAwMDB9fQ=="
        }
      ]
    },
    {
      "mode": "managed",
      "type": "openstack_networking_subnet_v2",
      "name": "terraform_subnet",
      "provider": "provider[\"registry.terraform.io/terraform-provider-openstack/openstack\"]",
      "instances": [
        {
          "schema_version": 0,
          "attributes": {
            "all_tags": [],
            "allocation_pool": [
              {
                "end": "192.168.255.254",
                "start": "192.168.255.2"
              }
            ],
            "cidr": "192.168.255.0/24",
            "description": "",
            "dns_nameservers": [
              "8.8.8.8",
              "8.8.4.4"
            ],
            "dns_publish_fixed_ip": false,
            "enable_dhcp": true,
            "gateway_ip": "192.168.255.1",
            "id": "8555a0d8-6bfe-41f1-92e3-81fa9073cde4",
            "ip_version": 4,
            "ipv6_address_mode": "",
            "ipv6_ra_mode": "",
            "name": "my-terraform-subnet-1",
            "network_id": "352ff3a5-5fd3-4da6-956c-528bbaac266d",
            "no_gateway": false,
            "prefix_length": null,
            "region": "RegionOne",
            "service_types": [],
            "subnetpool_id": "",
            "tags": null,
            "tenant_id": "42df268bf0cb4cc29c7df8a6db120545",
            "timeouts": null,
            "value_specs": null
          },
          "sensitive_attributes": [],
          "private": "eyJlMmJmYjczMC1lY2FhLTExZTYtOGY4OC0zNDM2M2JjN2M0YzAiOnsiY3JlYXRlIjo2MDAwMDAwMDAwMDAsImRlbGV0ZSI6NjAwMDAwMDAwMDAwfX0=",
          "dependencies": [
            "openstack_networking_network_v2.terraform_network"
          ]
        }
      ]
    }
  ],
  "check_results": null
}
