{
  "version": 4,
  "terraform_version": "1.10.5",
  "serial": 576,
  "lineage": "bc37c652-d90d-5a64-f4d7-8090c49708b0",
  "outputs": {
    "loadbalancer_floating_ip": {
      "value": "10.32.7.216",
      "type": "string"
    },
    "private_ips": {
      "value": [
        "192.168.255.121",
        "192.168.255.10",
        "192.168.255.151"
      ],
      "type": [
        "tuple",
        [
          "string",
          "string",
          "string"
        ]
      ]
    }
  },
  "resources": [
    {
      "mode": "data",
      "type": "openstack_compute_keypair_v2",
      "name": "terraform_keypair",
      "provider": "provider[\"registry.terraform.io/terraform-provider-openstack/openstack\"]",
      "instances": [
        {
          "schema_version": 0,
          "attributes": {
            "fingerprint": "4b:d0:8f:e7:87:99:f0:f1:76:30:09:db:45:87:36:1d",
            "id": "DockerInstanceKeyPair",
            "name": "DockerInstanceKeyPair",
            "public_key": "ssh-rsa AAAAB3NzaC1yc2EAAAADAQABAAABAQCf7FzMRclvaYI1ke9UgAaRgaWuRKUHcwjz9EuGfyOVledMxScs2VhR/D+q1TSW7fTn8sUDlgn2I7J+TvwTjrYcp+7Aq9KOz5MbL2dIoG5N3KI0YqCZ5NSc896wB0ABkdwAQffCPH8pRvcn/89ua4NxRBKkmA9tBbc7e5YJD0PVk46+K4mHCeOj82n7+uA5JFVQRe3VETT3UDq1S1LdPwBYxweufCF5PP/EQEVM7VXKH4Dyo7JOEILhRH3lMX2jcukShdbFuJOH/yRbKS3+BVVIKWcDdWW1PtKnM5ZgSfZ721T4hwAddgp6XnUG8Wlm+bhsUU/kaPIMbRmTN4a679lT Generated-by-Nova",
            "region": "RegionOne",
            "user_id": "fcd72c318372489e94d350ed5b28bd7a"
          },
          "sensitive_attributes": []
        }
      ]
    },
    {
      "mode": "data",
      "type": "openstack_networking_router_v2",
      "name": "existing_router",
      "provider": "provider[\"registry.terraform.io/terraform-provider-openstack/openstack\"]",
      "instances": [
        {
          "schema_version": 0,
          "attributes": {
            "admin_state_up": true,
            "all_tags": [],
            "availability_zone_hints": [],
            "description": "",
            "distributed": false,
            "enable_snat": true,
            "external_fixed_ip": [
              {
                "ip_address": "10.32.5.51",
                "subnet_id": "8a92550a-de9d-458b-a81a-bb75e9713de3"
              }
            ],
            "external_network_id": "6f530989-999a-49e6-9197-8a33ae7bfce7",
            "id": "7f9dc49a-6206-444e-b078-78b478f3215f",
            "name": "CloudServ5-router",
            "region": "RegionOne",
            "router_id": null,
            "status": "ACTIVE",
            "tags": null,
            "tenant_id": "42df268bf0cb4cc29c7df8a6db120545"
          },
          "sensitive_attributes": []
        }
      ]
    },
    {
      "mode": "managed",
      "type": "openstack_compute_instance_v2",
      "name": "docker_instances",
      "provider": "provider[\"registry.terraform.io/terraform-provider-openstack/openstack\"]",
      "instances": [
        {
          "index_key": 0,
          "schema_version": 0,
          "attributes": {
            "access_ip_v4": "192.168.255.121",
            "access_ip_v6": "",
            "admin_pass": null,
            "all_metadata": {},
            "all_tags": [],
            "availability_zone": "nova",
            "availability_zone_hints": null,
            "block_device": [],
            "config_drive": null,
            "created": "2025-02-06 13:29:51 +0000 UTC",
            "flavor_id": "2",
            "flavor_name": "m1.small",
            "force_delete": false,
            "id": "9afa9797-7b3f-4901-8d01-5225abdf18e1",
            "image_id": "1404d277-1fd2-4682-9fbd-80c7d05b80e1",
            "image_name": "ubuntu-22.04-jammy-server-cloud-image-amd64",
            "key_pair": "DockerInstanceKeyPair",
            "metadata": null,
            "name": "docker-instance-1",
            "network": [
              {
                "access_network": false,
                "fixed_ip_v4": "192.168.255.121",
                "fixed_ip_v6": "",
                "mac": "fa:16:3e:64:fc:b0",
                "name": "my-terraform-network-1",
                "port": "",
                "uuid": "fd995246-06a4-4adc-b843-02ee6b70889b"
              }
            ],
            "network_mode": null,
            "personality": [],
            "power_state": "active",
            "region": "RegionOne",
            "scheduler_hints": [],
            "security_groups": [
              "my-terraform-secgroup"
            ],
            "stop_before_destroy": false,
            "tags": null,
            "timeouts": null,
            "updated": "2025-02-06 13:30:01 +0000 UTC",
            "user_data": "ba3a6814f9bff5fbe87956cbedfda1b7c4fdaf54",
            "vendor_options": []
          },
          "sensitive_attributes": [
            [
              {
                "type": "get_attr",
                "value": "admin_pass"
              }
            ]
          ],
          "private": "eyJlMmJmYjczMC1lY2FhLTExZTYtOGY4OC0zNDM2M2JjN2M0YzAiOnsiY3JlYXRlIjoxODAwMDAwMDAwMDAwLCJkZWxldGUiOjE4MDAwMDAwMDAwMDAsInVwZGF0ZSI6MTgwMDAwMDAwMDAwMH19",
          "dependencies": [
            "data.openstack_compute_keypair_v2.terraform_keypair",
            "openstack_networking_network_v2.terraform_network",
            "openstack_networking_secgroup_v2.terraform_secgroup"
          ]
        },
        {
          "index_key": 1,
          "schema_version": 0,
          "attributes": {
            "access_ip_v4": "192.168.255.10",
            "access_ip_v6": "",
            "admin_pass": null,
            "all_metadata": {},
            "all_tags": [],
            "availability_zone": "nova",
            "availability_zone_hints": null,
            "block_device": [],
            "config_drive": null,
            "created": "2025-02-06 13:29:51 +0000 UTC",
            "flavor_id": "2",
            "flavor_name": "m1.small",
            "force_delete": false,
            "id": "ef80ff45-806c-4437-b771-cb52a3b3ce40",
            "image_id": "1404d277-1fd2-4682-9fbd-80c7d05b80e1",
            "image_name": "ubuntu-22.04-jammy-server-cloud-image-amd64",
            "key_pair": "DockerInstanceKeyPair",
            "metadata": null,
            "name": "docker-instance-2",
            "network": [
              {
                "access_network": false,
                "fixed_ip_v4": "192.168.255.10",
                "fixed_ip_v6": "",
                "mac": "fa:16:3e:4c:5c:8a",
                "name": "my-terraform-network-1",
                "port": "",
                "uuid": "fd995246-06a4-4adc-b843-02ee6b70889b"
              }
            ],
            "network_mode": null,
            "personality": [],
            "power_state": "active",
            "region": "RegionOne",
            "scheduler_hints": [],
            "security_groups": [
              "my-terraform-secgroup"
            ],
            "stop_before_destroy": false,
            "tags": null,
            "timeouts": null,
            "updated": "2025-02-06 13:29:58 +0000 UTC",
            "user_data": "ba3a6814f9bff5fbe87956cbedfda1b7c4fdaf54",
            "vendor_options": []
          },
          "sensitive_attributes": [
            [
              {
                "type": "get_attr",
                "value": "admin_pass"
              }
            ]
          ],
          "private": "eyJlMmJmYjczMC1lY2FhLTExZTYtOGY4OC0zNDM2M2JjN2M0YzAiOnsiY3JlYXRlIjoxODAwMDAwMDAwMDAwLCJkZWxldGUiOjE4MDAwMDAwMDAwMDAsInVwZGF0ZSI6MTgwMDAwMDAwMDAwMH19",
          "dependencies": [
            "data.openstack_compute_keypair_v2.terraform_keypair",
            "openstack_networking_network_v2.terraform_network",
            "openstack_networking_secgroup_v2.terraform_secgroup"
          ]
        },
        {
          "index_key": 2,
          "schema_version": 0,
          "attributes": {
            "access_ip_v4": "192.168.255.151",
            "access_ip_v6": "",
            "admin_pass": null,
            "all_metadata": {},
            "all_tags": [],
            "availability_zone": "nova",
            "availability_zone_hints": null,
            "block_device": [],
            "config_drive": null,
            "created": "2025-02-06 13:29:51 +0000 UTC",
            "flavor_id": "2",
            "flavor_name": "m1.small",
            "force_delete": false,
            "id": "69556937-34c4-49c0-9d5d-45c11ab92b73",
            "image_id": "1404d277-1fd2-4682-9fbd-80c7d05b80e1",
            "image_name": "ubuntu-22.04-jammy-server-cloud-image-amd64",
            "key_pair": "DockerInstanceKeyPair",
            "metadata": null,
            "name": "docker-instance-3",
            "network": [
              {
                "access_network": false,
                "fixed_ip_v4": "192.168.255.151",
                "fixed_ip_v6": "",
                "mac": "fa:16:3e:34:6f:68",
                "name": "my-terraform-network-1",
                "port": "",
                "uuid": "fd995246-06a4-4adc-b843-02ee6b70889b"
              }
            ],
            "network_mode": null,
            "personality": [],
            "power_state": "active",
            "region": "RegionOne",
            "scheduler_hints": [],
            "security_groups": [
              "my-terraform-secgroup"
            ],
            "stop_before_destroy": false,
            "tags": null,
            "timeouts": null,
            "updated": "2025-02-06 13:29:59 +0000 UTC",
            "user_data": "ba3a6814f9bff5fbe87956cbedfda1b7c4fdaf54",
            "vendor_options": []
          },
          "sensitive_attributes": [
            [
              {
                "type": "get_attr",
                "value": "admin_pass"
              }
            ]
          ],
          "private": "eyJlMmJmYjczMC1lY2FhLTExZTYtOGY4OC0zNDM2M2JjN2M0YzAiOnsiY3JlYXRlIjoxODAwMDAwMDAwMDAwLCJkZWxldGUiOjE4MDAwMDAwMDAwMDAsInVwZGF0ZSI6MTgwMDAwMDAwMDAwMH19",
          "dependencies": [
            "data.openstack_compute_keypair_v2.terraform_keypair",
            "openstack_networking_network_v2.terraform_network",
            "openstack_networking_secgroup_v2.terraform_secgroup"
          ]
        }
      ]
    },
    {
      "mode": "managed",
      "type": "openstack_lb_listener_v2",
      "name": "listener_1",
      "provider": "provider[\"registry.terraform.io/terraform-provider-openstack/openstack\"]",
      "instances": [
        {
          "schema_version": 0,
          "attributes": {
            "admin_state_up": true,
            "allowed_cidrs": null,
            "alpn_protocols": [],
            "client_authentication": "NONE",
            "client_ca_tls_container_ref": "",
            "client_crl_container_ref": "",
            "connection_limit": -1,
            "default_pool_id": "",
            "default_tls_container_ref": "",
            "description": "",
            "hsts_include_subdomains": false,
            "hsts_max_age": 0,
            "hsts_preload": false,
            "id": "8297400d-8fb4-481e-9a02-9e35a4362842",
            "insert_headers": null,
            "loadbalancer_id": "7e1955d9-5078-4795-beb3-b856d2ace3ff",
            "name": "my-listener",
            "protocol": "HTTP",
            "protocol_port": 8080,
            "region": "RegionOne",
            "sni_container_refs": null,
            "tags": null,
            "tenant_id": "42df268bf0cb4cc29c7df8a6db120545",
            "timeout_client_data": 50000,
            "timeout_member_connect": 5000,
            "timeout_member_data": 50000,
            "timeout_tcp_inspect": 0,
            "timeouts": null,
            "tls_ciphers": "",
            "tls_versions": []
          },
          "sensitive_attributes": [],
          "private": "eyJlMmJmYjczMC1lY2FhLTExZTYtOGY4OC0zNDM2M2JjN2M0YzAiOnsiY3JlYXRlIjo2MDAwMDAwMDAwMDAsImRlbGV0ZSI6NjAwMDAwMDAwMDAwLCJ1cGRhdGUiOjYwMDAwMDAwMDAwMH19",
          "dependencies": [
            "openstack_lb_loadbalancer_v2.lb_1",
            "openstack_networking_network_v2.terraform_network",
            "openstack_networking_subnet_v2.terraform_subnet"
          ]
        }
      ]
    },
    {
      "mode": "managed",
      "type": "openstack_lb_loadbalancer_v2",
      "name": "lb_1",
      "provider": "provider[\"registry.terraform.io/terraform-provider-openstack/openstack\"]",
      "instances": [
        {
          "schema_version": 0,
          "attributes": {
            "admin_state_up": true,
            "availability_zone": "",
            "description": "",
            "flavor_id": "",
            "id": "7e1955d9-5078-4795-beb3-b856d2ace3ff",
            "loadbalancer_provider": "amphora",
            "name": "my-terraform-lb",
            "region": "RegionOne",
            "security_group_ids": [
              "35f6dc60-8cf9-4f40-87f3-3496b22c8e7c"
            ],
            "tags": null,
            "tenant_id": "42df268bf0cb4cc29c7df8a6db120545",
            "timeouts": null,
            "vip_address": "192.168.255.212",
            "vip_network_id": "fd995246-06a4-4adc-b843-02ee6b70889b",
            "vip_port_id": "684b3d1a-d371-44fc-8f73-de32d7b3f26b",
            "vip_qos_policy_id": "",
            "vip_subnet_id": "fe21c9e2-3d92-4b64-bc45-130532137196"
          },
          "sensitive_attributes": [],
          "private": "eyJlMmJmYjczMC1lY2FhLTExZTYtOGY4OC0zNDM2M2JjN2M0YzAiOnsiY3JlYXRlIjo2MDAwMDAwMDAwMDAsImRlbGV0ZSI6MzAwMDAwMDAwMDAwLCJ1cGRhdGUiOjYwMDAwMDAwMDAwMH19",
          "dependencies": [
            "openstack_networking_network_v2.terraform_network",
            "openstack_networking_subnet_v2.terraform_subnet"
          ]
        }
      ]
    },
    {
      "mode": "managed",
      "type": "openstack_lb_member_v2",
      "name": "member_1",
      "provider": "provider[\"registry.terraform.io/terraform-provider-openstack/openstack\"]",
      "instances": [
        {
          "index_key": 0,
          "schema_version": 0,
          "attributes": {
            "address": "192.168.255.121",
            "admin_state_up": true,
            "backup": false,
            "id": "b85f2310-d6c4-4f3a-9b73-f1c9e08a43fa",
            "monitor_address": "",
            "monitor_port": 0,
            "name": "",
            "pool_id": "c7e9849c-04f6-4df5-b877-bd70e4bd8263",
            "protocol_port": 8080,
            "region": "RegionOne",
            "subnet_id": "",
            "tags": null,
            "tenant_id": "42df268bf0cb4cc29c7df8a6db120545",
            "timeouts": null,
            "weight": 1
          },
          "sensitive_attributes": [],
          "private": "eyJlMmJmYjczMC1lY2FhLTExZTYtOGY4OC0zNDM2M2JjN2M0YzAiOnsiY3JlYXRlIjo2MDAwMDAwMDAwMDAsImRlbGV0ZSI6NjAwMDAwMDAwMDAwLCJ1cGRhdGUiOjYwMDAwMDAwMDAwMH19",
          "dependencies": [
            "data.openstack_compute_keypair_v2.terraform_keypair",
            "openstack_compute_instance_v2.docker_instances",
            "openstack_lb_listener_v2.listener_1",
            "openstack_lb_loadbalancer_v2.lb_1",
            "openstack_lb_pool_v2.pool_1",
            "openstack_networking_network_v2.terraform_network",
            "openstack_networking_secgroup_v2.terraform_secgroup",
            "openstack_networking_subnet_v2.terraform_subnet"
          ]
        },
        {
          "index_key": 1,
          "schema_version": 0,
          "attributes": {
            "address": "192.168.255.10",
            "admin_state_up": true,
            "backup": false,
            "id": "a4c1b591-37c0-4fcd-bb58-64f1011c17d0",
            "monitor_address": "",
            "monitor_port": 0,
            "name": "",
            "pool_id": "c7e9849c-04f6-4df5-b877-bd70e4bd8263",
            "protocol_port": 8080,
            "region": "RegionOne",
            "subnet_id": "",
            "tags": null,
            "tenant_id": "42df268bf0cb4cc29c7df8a6db120545",
            "timeouts": null,
            "weight": 1
          },
          "sensitive_attributes": [],
          "private": "eyJlMmJmYjczMC1lY2FhLTExZTYtOGY4OC0zNDM2M2JjN2M0YzAiOnsiY3JlYXRlIjo2MDAwMDAwMDAwMDAsImRlbGV0ZSI6NjAwMDAwMDAwMDAwLCJ1cGRhdGUiOjYwMDAwMDAwMDAwMH19",
          "dependencies": [
            "data.openstack_compute_keypair_v2.terraform_keypair",
            "openstack_compute_instance_v2.docker_instances",
            "openstack_lb_listener_v2.listener_1",
            "openstack_lb_loadbalancer_v2.lb_1",
            "openstack_lb_pool_v2.pool_1",
            "openstack_networking_network_v2.terraform_network",
            "openstack_networking_secgroup_v2.terraform_secgroup",
            "openstack_networking_subnet_v2.terraform_subnet"
          ]
        }
      ]
    },
    {
      "mode": "managed",
      "type": "openstack_lb_monitor_v2",
      "name": "monitor_1",
      "provider": "provider[\"registry.terraform.io/terraform-provider-openstack/openstack\"]",
      "instances": [
        {
          "schema_version": 0,
          "attributes": {
            "admin_state_up": true,
            "delay": 5,
            "domain_name": "",
            "expected_codes": "200",
            "http_method": "GET",
            "http_version": "",
            "id": "772a3473-3488-44fe-a012-8018d60c1e88",
            "max_retries": 3,
            "max_retries_down": 3,
            "name": "",
            "pool_id": "c7e9849c-04f6-4df5-b877-bd70e4bd8263",
            "region": "RegionOne",
            "tenant_id": "42df268bf0cb4cc29c7df8a6db120545",
            "timeout": 3,
            "timeouts": null,
            "type": "HTTP",
            "url_path": "/"
          },
          "sensitive_attributes": [],
          "private": "eyJlMmJmYjczMC1lY2FhLTExZTYtOGY4OC0zNDM2M2JjN2M0YzAiOnsiY3JlYXRlIjo2MDAwMDAwMDAwMDAsImRlbGV0ZSI6NjAwMDAwMDAwMDAwLCJ1cGRhdGUiOjYwMDAwMDAwMDAwMH19",
          "dependencies": [
            "openstack_lb_listener_v2.listener_1",
            "openstack_lb_loadbalancer_v2.lb_1",
            "openstack_lb_pool_v2.pool_1",
            "openstack_networking_network_v2.terraform_network",
            "openstack_networking_subnet_v2.terraform_subnet"
          ]
        }
      ]
    },
    {
      "mode": "managed",
      "type": "openstack_lb_pool_v2",
      "name": "pool_1",
      "provider": "provider[\"registry.terraform.io/terraform-provider-openstack/openstack\"]",
      "instances": [
        {
          "schema_version": 0,
          "attributes": {
            "admin_state_up": true,
            "alpn_protocols": [],
            "ca_tls_container_ref": "",
            "crl_container_ref": "",
            "description": "",
            "id": "c7e9849c-04f6-4df5-b877-bd70e4bd8263",
            "lb_method": "ROUND_ROBIN",
            "listener_id": "8297400d-8fb4-481e-9a02-9e35a4362842",
            "loadbalancer_id": null,
            "name": "my-pool",
            "persistence": [],
            "protocol": "HTTP",
            "region": "RegionOne",
            "tags": null,
            "tenant_id": "42df268bf0cb4cc29c7df8a6db120545",
            "timeouts": null,
            "tls_ciphers": "",
            "tls_container_ref": "",
            "tls_enabled": false,
            "tls_versions": []
          },
          "sensitive_attributes": [],
          "private": "eyJlMmJmYjczMC1lY2FhLTExZTYtOGY4OC0zNDM2M2JjN2M0YzAiOnsiY3JlYXRlIjo2MDAwMDAwMDAwMDAsImRlbGV0ZSI6NjAwMDAwMDAwMDAwLCJ1cGRhdGUiOjYwMDAwMDAwMDAwMH19",
          "dependencies": [
            "openstack_lb_listener_v2.listener_1",
            "openstack_lb_loadbalancer_v2.lb_1",
            "openstack_networking_network_v2.terraform_network",
            "openstack_networking_subnet_v2.terraform_subnet"
          ]
        }
      ]
    },
    {
      "mode": "managed",
      "type": "openstack_networking_floatingip_v2",
      "name": "lb_floating_ip",
      "provider": "provider[\"registry.terraform.io/terraform-provider-openstack/openstack\"]",
      "instances": [
        {
          "schema_version": 0,
          "attributes": {
            "address": "10.32.7.216",
            "all_tags": [],
            "description": "",
            "dns_domain": "",
            "dns_name": "",
            "fixed_ip": "192.168.255.212",
            "id": "eab1dc95-e73b-402b-b1fc-3b53685dafb0",
            "pool": "ext_net",
            "port_id": "684b3d1a-d371-44fc-8f73-de32d7b3f26b",
            "region": "RegionOne",
            "subnet_id": null,
            "subnet_ids": null,
            "tags": null,
            "tenant_id": "42df268bf0cb4cc29c7df8a6db120545",
            "timeouts": null,
            "value_specs": null
          },
          "sensitive_attributes": [],
          "private": "eyJlMmJmYjczMC1lY2FhLTExZTYtOGY4OC0zNDM2M2JjN2M0YzAiOnsiY3JlYXRlIjo2MDAwMDAwMDAwMDAsImRlbGV0ZSI6NjAwMDAwMDAwMDAwfX0=",
          "dependencies": [
            "openstack_lb_loadbalancer_v2.lb_1",
            "openstack_networking_network_v2.terraform_network",
            "openstack_networking_subnet_v2.terraform_subnet"
          ]
        }
      ]
    },
    {
      "mode": "managed",
      "type": "openstack_networking_network_v2",
      "name": "terraform_network",
      "provider": "provider[\"registry.terraform.io/terraform-provider-openstack/openstack\"]",
      "instances": [
        {
          "schema_version": 0,
          "attributes": {
            "admin_state_up": true,
            "all_tags": [],
            "availability_zone_hints": [],
            "description": "",
            "dns_domain": "",
            "external": false,
            "id": "fd995246-06a4-4adc-b843-02ee6b70889b",
            "mtu": 1442,
            "name": "my-terraform-network-1",
            "port_security_enabled": true,
            "qos_policy_id": "",
            "region": "RegionOne",
            "segments": [],
            "shared": false,
            "tags": null,
            "tenant_id": "42df268bf0cb4cc29c7df8a6db120545",
            "timeouts": null,
            "transparent_vlan": false,
            "value_specs": null
          },
          "sensitive_attributes": [],
          "private": "eyJlMmJmYjczMC1lY2FhLTExZTYtOGY4OC0zNDM2M2JjN2M0YzAiOnsiY3JlYXRlIjo2MDAwMDAwMDAwMDAsImRlbGV0ZSI6NjAwMDAwMDAwMDAwfX0="
        }
      ]
    },
    {
      "mode": "managed",
      "type": "openstack_networking_router_interface_v2",
      "name": "router_interface_1",
      "provider": "provider[\"registry.terraform.io/terraform-provider-openstack/openstack\"]",
      "instances": [
        {
          "schema_version": 0,
          "attributes": {
            "force_destroy": false,
            "id": "00e0d6f1-eea0-4ef4-ba16-450501400429",
            "port_id": "00e0d6f1-eea0-4ef4-ba16-450501400429",
            "region": "RegionOne",
            "router_id": "7f9dc49a-6206-444e-b078-78b478f3215f",
            "subnet_id": "fe21c9e2-3d92-4b64-bc45-130532137196",
            "timeouts": null
          },
          "sensitive_attributes": [],
          "private": "eyJlMmJmYjczMC1lY2FhLTExZTYtOGY4OC0zNDM2M2JjN2M0YzAiOnsiY3JlYXRlIjo2MDAwMDAwMDAwMDAsImRlbGV0ZSI6NjAwMDAwMDAwMDAwfX0=",
          "dependencies": [
            "data.openstack_networking_router_v2.existing_router",
            "openstack_networking_network_v2.terraform_network",
            "openstack_networking_subnet_v2.terraform_subnet"
          ]
        }
      ]
    },
    {
      "mode": "managed",
      "type": "openstack_networking_secgroup_rule_v2",
      "name": "secgroup_rule_backend",
      "provider": "provider[\"registry.terraform.io/terraform-provider-openstack/openstack\"]",
      "instances": [
        {
          "schema_version": 0,
          "attributes": {
            "description": "",
            "direction": "ingress",
            "ethertype": "IPv4",
            "id": "881a1fd7-e525-496a-a911-01a959f7e7b2",
            "port_range_max": 5001,
            "port_range_min": 5001,
            "protocol": "tcp",
            "region": "RegionOne",
            "remote_group_id": "",
            "remote_ip_prefix": "0.0.0.0/0",
            "security_group_id": "153032f4-4d3a-444a-b490-4d981dfdaa30",
            "tenant_id": "42df268bf0cb4cc29c7df8a6db120545",
            "timeouts": null
          },
          "sensitive_attributes": [],
          "private": "eyJlMmJmYjczMC1lY2FhLTExZTYtOGY4OC0zNDM2M2JjN2M0YzAiOnsiZGVsZXRlIjo2MDAwMDAwMDAwMDB9fQ==",
          "dependencies": [
            "openstack_networking_secgroup_v2.terraform_secgroup"
          ]
        }
      ]
    },
    {
      "mode": "managed",
      "type": "openstack_networking_secgroup_rule_v2",
      "name": "secgroup_rule_http",
      "provider": "provider[\"registry.terraform.io/terraform-provider-openstack/openstack\"]",
      "instances": [
        {
          "schema_version": 0,
          "attributes": {
            "description": "",
            "direction": "ingress",
            "ethertype": "IPv4",
            "id": "116c79f4-39bf-41f8-8f64-fb247bc59206",
            "port_range_max": 8080,
            "port_range_min": 8080,
            "protocol": "tcp",
            "region": "RegionOne",
            "remote_group_id": "",
            "remote_ip_prefix": "0.0.0.0/0",
            "security_group_id": "153032f4-4d3a-444a-b490-4d981dfdaa30",
            "tenant_id": "42df268bf0cb4cc29c7df8a6db120545",
            "timeouts": null
          },
          "sensitive_attributes": [],
          "private": "eyJlMmJmYjczMC1lY2FhLTExZTYtOGY4OC0zNDM2M2JjN2M0YzAiOnsiZGVsZXRlIjo2MDAwMDAwMDAwMDB9fQ==",
          "dependencies": [
            "openstack_networking_secgroup_v2.terraform_secgroup"
          ]
        }
      ]
    },
    {
      "mode": "managed",
      "type": "openstack_networking_secgroup_rule_v2",
      "name": "secgroup_rule_outbound",
      "provider": "provider[\"registry.terraform.io/terraform-provider-openstack/openstack\"]",
      "instances": [
        {
          "schema_version": 0,
          "attributes": {
            "description": "",
            "direction": "egress",
            "ethertype": "IPv4",
            "id": "4d6dd706-80b8-4162-a073-6cb2068fe39f",
            "port_range_max": 80,
            "port_range_min": 80,
            "protocol": "tcp",
            "region": "RegionOne",
            "remote_group_id": "",
            "remote_ip_prefix": "0.0.0.0/0",
            "security_group_id": "153032f4-4d3a-444a-b490-4d981dfdaa30",
            "tenant_id": "42df268bf0cb4cc29c7df8a6db120545",
            "timeouts": null
          },
          "sensitive_attributes": [],
          "private": "eyJlMmJmYjczMC1lY2FhLTExZTYtOGY4OC0zNDM2M2JjN2M0YzAiOnsiZGVsZXRlIjo2MDAwMDAwMDAwMDB9fQ==",
          "dependencies": [
            "openstack_networking_secgroup_v2.terraform_secgroup"
          ]
        }
      ]
    },
    {
      "mode": "managed",
      "type": "openstack_networking_secgroup_rule_v2",
      "name": "secgroup_rule_outbound_https",
      "provider": "provider[\"registry.terraform.io/terraform-provider-openstack/openstack\"]",
      "instances": [
        {
          "schema_version": 0,
          "attributes": {
            "description": "",
            "direction": "egress",
            "ethertype": "IPv4",
            "id": "7b35a871-05dd-42ed-8e1f-eef1d588e9a9",
            "port_range_max": 443,
            "port_range_min": 443,
            "protocol": "tcp",
            "region": "RegionOne",
            "remote_group_id": "",
            "remote_ip_prefix": "0.0.0.0/0",
            "security_group_id": "153032f4-4d3a-444a-b490-4d981dfdaa30",
            "tenant_id": "42df268bf0cb4cc29c7df8a6db120545",
            "timeouts": null
          },
          "sensitive_attributes": [],
          "private": "eyJlMmJmYjczMC1lY2FhLTExZTYtOGY4OC0zNDM2M2JjN2M0YzAiOnsiZGVsZXRlIjo2MDAwMDAwMDAwMDB9fQ==",
          "dependencies": [
            "openstack_networking_secgroup_v2.terraform_secgroup"
          ]
        }
      ]
    },
    {
      "mode": "managed",
      "type": "openstack_networking_secgroup_rule_v2",
      "name": "secgroup_rule_ssh",
      "provider": "provider[\"registry.terraform.io/terraform-provider-openstack/openstack\"]",
      "instances": [
        {
          "schema_version": 0,
          "attributes": {
            "description": "",
            "direction": "ingress",
            "ethertype": "IPv4",
            "id": "64dd906d-27a4-4514-9986-ec09d87486f4",
            "port_range_max": 22,
            "port_range_min": 22,
            "protocol": "tcp",
            "region": "RegionOne",
            "remote_group_id": "",
            "remote_ip_prefix": "0.0.0.0/0",
            "security_group_id": "153032f4-4d3a-444a-b490-4d981dfdaa30",
            "tenant_id": "42df268bf0cb4cc29c7df8a6db120545",
            "timeouts": null
          },
          "sensitive_attributes": [],
          "private": "eyJlMmJmYjczMC1lY2FhLTExZTYtOGY4OC0zNDM2M2JjN2M0YzAiOnsiZGVsZXRlIjo2MDAwMDAwMDAwMDB9fQ==",
          "dependencies": [
            "openstack_networking_secgroup_v2.terraform_secgroup"
          ]
        }
      ]
    },
    {
      "mode": "managed",
      "type": "openstack_networking_secgroup_v2",
      "name": "terraform_secgroup",
      "provider": "provider[\"registry.terraform.io/terraform-provider-openstack/openstack\"]",
      "instances": [
        {
          "schema_version": 0,
          "attributes": {
            "all_tags": [],
            "delete_default_rules": null,
            "description": "Security group for Docker instance",
            "id": "153032f4-4d3a-444a-b490-4d981dfdaa30",
            "name": "my-terraform-secgroup",
            "region": "RegionOne",
            "stateful": true,
            "tags": null,
            "tenant_id": "42df268bf0cb4cc29c7df8a6db120545",
            "timeouts": null
          },
          "sensitive_attributes": [],
          "private": "eyJlMmJmYjczMC1lY2FhLTExZTYtOGY4OC0zNDM2M2JjN2M0YzAiOnsiZGVsZXRlIjo2MDAwMDAwMDAwMDB9fQ=="
        }
      ]
    },
    {
      "mode": "managed",
      "type": "openstack_networking_subnet_v2",
      "name": "terraform_subnet",
      "provider": "provider[\"registry.terraform.io/terraform-provider-openstack/openstack\"]",
      "instances": [
        {
          "schema_version": 0,
          "attributes": {
            "all_tags": [],
            "allocation_pool": [
              {
                "end": "192.168.255.254",
                "start": "192.168.255.2"
              }
            ],
            "cidr": "192.168.255.0/24",
            "description": "",
            "dns_nameservers": [
              "8.8.8.8",
              "8.8.4.4"
            ],
            "dns_publish_fixed_ip": false,
            "enable_dhcp": true,
            "gateway_ip": "192.168.255.1",
            "id": "fe21c9e2-3d92-4b64-bc45-130532137196",
            "ip_version": 4,
            "ipv6_address_mode": "",
            "ipv6_ra_mode": "",
            "name": "my-terraform-subnet-1",
            "network_id": "fd995246-06a4-4adc-b843-02ee6b70889b",
            "no_gateway": false,
            "prefix_length": null,
            "region": "RegionOne",
            "service_types": [],
            "subnetpool_id": "",
            "tags": null,
            "tenant_id": "42df268bf0cb4cc29c7df8a6db120545",
            "timeouts": null,
            "value_specs": null
          },
          "sensitive_attributes": [],
          "private": "eyJlMmJmYjczMC1lY2FhLTExZTYtOGY4OC0zNDM2M2JjN2M0YzAiOnsiY3JlYXRlIjo2MDAwMDAwMDAwMDAsImRlbGV0ZSI6NjAwMDAwMDAwMDAwfX0=",
          "dependencies": [
            "openstack_networking_network_v2.terraform_network"
          ]
        }
      ]
    }
  ],
  "check_results": null
}
