{
  "version": 4,
  "terraform_version": "1.10.5",
  "serial": 997,
  "lineage": "bc37c652-d90d-5a64-f4d7-8090c49708b0",
  "outputs": {
    "loadbalancer_floating_ip": {
      "value": "10.32.7.51",
      "type": "string"
    },
    "private_ips": {
      "value": [
        "192.168.255.34",
        "192.168.255.112",
        "192.168.255.49"
      ],
      "type": [
        "tuple",
        [
          "string",
          "string",
          "string"
        ]
      ]
    }
  },
  "resources": [
    {
      "mode": "data",
      "type": "openstack_compute_keypair_v2",
      "name": "terraform_keypair",
      "provider": "provider[\"registry.terraform.io/terraform-provider-openstack/openstack\"]",
      "instances": [
        {
          "schema_version": 0,
          "attributes": {
            "fingerprint": "4b:d0:8f:e7:87:99:f0:f1:76:30:09:db:45:87:36:1d",
            "id": "DockerInstanceKeyPair",
            "name": "DockerInstanceKeyPair",
            "public_key": "ssh-rsa AAAAB3NzaC1yc2EAAAADAQABAAABAQCf7FzMRclvaYI1ke9UgAaRgaWuRKUHcwjz9EuGfyOVledMxScs2VhR/D+q1TSW7fTn8sUDlgn2I7J+TvwTjrYcp+7Aq9KOz5MbL2dIoG5N3KI0YqCZ5NSc896wB0ABkdwAQffCPH8pRvcn/89ua4NxRBKkmA9tBbc7e5YJD0PVk46+K4mHCeOj82n7+uA5JFVQRe3VETT3UDq1S1LdPwBYxweufCF5PP/EQEVM7VXKH4Dyo7JOEILhRH3lMX2jcukShdbFuJOH/yRbKS3+BVVIKWcDdWW1PtKnM5ZgSfZ721T4hwAddgp6XnUG8Wlm+bhsUU/kaPIMbRmTN4a679lT Generated-by-Nova",
            "region": "RegionOne",
            "user_id": "fcd72c318372489e94d350ed5b28bd7a"
          },
          "sensitive_attributes": []
        }
      ]
    },
    {
      "mode": "data",
      "type": "openstack_networking_router_v2",
      "name": "existing_router",
      "provider": "provider[\"registry.terraform.io/terraform-provider-openstack/openstack\"]",
      "instances": [
        {
          "schema_version": 0,
          "attributes": {
            "admin_state_up": true,
            "all_tags": [],
            "availability_zone_hints": [],
            "description": "",
            "distributed": false,
            "enable_snat": true,
            "external_fixed_ip": [
              {
                "ip_address": "10.32.5.51",
                "subnet_id": "8a92550a-de9d-458b-a81a-bb75e9713de3"
              }
            ],
            "external_network_id": "6f530989-999a-49e6-9197-8a33ae7bfce7",
            "id": "7f9dc49a-6206-444e-b078-78b478f3215f",
            "name": "CloudServ5-router",
            "region": "RegionOne",
            "router_id": null,
            "status": "ACTIVE",
            "tags": null,
            "tenant_id": "42df268bf0cb4cc29c7df8a6db120545"
          },
          "sensitive_attributes": []
        }
      ]
    },
    {
      "mode": "managed",
      "type": "openstack_compute_instance_v2",
      "name": "docker_instances",
      "provider": "provider[\"registry.terraform.io/terraform-provider-openstack/openstack\"]",
      "instances": [
        {
          "index_key": 0,
          "schema_version": 0,
          "attributes": {
            "access_ip_v4": "192.168.255.34",
            "access_ip_v6": "",
            "admin_pass": null,
            "all_metadata": {},
            "all_tags": [],
            "availability_zone": "nova",
            "availability_zone_hints": null,
            "block_device": [],
            "config_drive": null,
            "created": "2025-02-06 16:06:14 +0000 UTC",
            "flavor_id": "2",
            "flavor_name": "m1.small",
            "force_delete": false,
            "id": "ed080490-00c9-4ce3-b8ff-fc5262762d03",
            "image_id": "1404d277-1fd2-4682-9fbd-80c7d05b80e1",
            "image_name": "ubuntu-22.04-jammy-server-cloud-image-amd64",
            "key_pair": "DockerInstanceKeyPair",
            "metadata": null,
            "name": "docker-instance-1",
            "network": [
              {
                "access_network": false,
                "fixed_ip_v4": "192.168.255.34",
                "fixed_ip_v6": "",
                "mac": "fa:16:3e:10:07:d2",
                "name": "my-terraform-network-1",
                "port": "",
                "uuid": "20d6a857-0b75-4e90-ac51-73abad39ff3d"
              }
            ],
            "network_mode": null,
            "personality": [],
            "power_state": "active",
            "region": "RegionOne",
            "scheduler_hints": [],
            "security_groups": [
              "my-terraform-secgroup"
            ],
            "stop_before_destroy": false,
            "tags": null,
            "timeouts": null,
            "updated": "2025-02-06 16:06:21 +0000 UTC",
            "user_data": "c011e66d2f0c8f7612dfc393175c4be7c4a127d2",
            "vendor_options": []
          },
          "sensitive_attributes": [
            [
              {
                "type": "get_attr",
                "value": "admin_pass"
              }
            ]
          ],
          "private": "eyJlMmJmYjczMC1lY2FhLTExZTYtOGY4OC0zNDM2M2JjN2M0YzAiOnsiY3JlYXRlIjoxODAwMDAwMDAwMDAwLCJkZWxldGUiOjE4MDAwMDAwMDAwMDAsInVwZGF0ZSI6MTgwMDAwMDAwMDAwMH19",
          "dependencies": [
            "data.openstack_compute_keypair_v2.terraform_keypair",
            "openstack_networking_network_v2.terraform_network",
            "openstack_networking_secgroup_v2.terraform_secgroup"
          ]
        },
        {
          "index_key": 1,
          "schema_version": 0,
          "attributes": {
            "access_ip_v4": "192.168.255.112",
            "access_ip_v6": "",
            "admin_pass": null,
            "all_metadata": {},
            "all_tags": [],
            "availability_zone": "nova",
            "availability_zone_hints": null,
            "block_device": [],
            "config_drive": null,
            "created": "2025-02-06 16:06:16 +0000 UTC",
            "flavor_id": "2",
            "flavor_name": "m1.small",
            "force_delete": false,
            "id": "fbd1fe07-037f-4642-9792-48899a338fb9",
            "image_id": "1404d277-1fd2-4682-9fbd-80c7d05b80e1",
            "image_name": "ubuntu-22.04-jammy-server-cloud-image-amd64",
            "key_pair": "DockerInstanceKeyPair",
            "metadata": null,
            "name": "docker-instance-2",
            "network": [
              {
                "access_network": false,
                "fixed_ip_v4": "192.168.255.112",
                "fixed_ip_v6": "",
                "mac": "fa:16:3e:cc:a4:65",
                "name": "my-terraform-network-1",
                "port": "",
                "uuid": "20d6a857-0b75-4e90-ac51-73abad39ff3d"
              }
            ],
            "network_mode": null,
            "personality": [],
            "power_state": "active",
            "region": "RegionOne",
            "scheduler_hints": [],
            "security_groups": [
              "my-terraform-secgroup"
            ],
            "stop_before_destroy": false,
            "tags": null,
            "timeouts": null,
            "updated": "2025-02-06 16:06:22 +0000 UTC",
            "user_data": "c011e66d2f0c8f7612dfc393175c4be7c4a127d2",
            "vendor_options": []
          },
          "sensitive_attributes": [
            [
              {
                "type": "get_attr",
                "value": "admin_pass"
              }
            ]
          ],
          "private": "eyJlMmJmYjczMC1lY2FhLTExZTYtOGY4OC0zNDM2M2JjN2M0YzAiOnsiY3JlYXRlIjoxODAwMDAwMDAwMDAwLCJkZWxldGUiOjE4MDAwMDAwMDAwMDAsInVwZGF0ZSI6MTgwMDAwMDAwMDAwMH19",
          "dependencies": [
            "data.openstack_compute_keypair_v2.terraform_keypair",
            "openstack_networking_network_v2.terraform_network",
            "openstack_networking_secgroup_v2.terraform_secgroup"
          ]
        },
        {
          "index_key": 2,
          "schema_version": 0,
          "attributes": {
            "access_ip_v4": "192.168.255.49",
            "access_ip_v6": "",
            "admin_pass": null,
            "all_metadata": {},
            "all_tags": [],
            "availability_zone": "nova",
            "availability_zone_hints": null,
            "block_device": [],
            "config_drive": null,
            "created": "2025-02-06 16:06:15 +0000 UTC",
            "flavor_id": "2",
            "flavor_name": "m1.small",
            "force_delete": false,
            "id": "4a09ed3d-aa59-4efb-a543-66192417c287",
            "image_id": "1404d277-1fd2-4682-9fbd-80c7d05b80e1",
            "image_name": "ubuntu-22.04-jammy-server-cloud-image-amd64",
            "key_pair": "DockerInstanceKeyPair",
            "metadata": null,
            "name": "docker-instance-3",
            "network": [
              {
                "access_network": false,
                "fixed_ip_v4": "192.168.255.49",
                "fixed_ip_v6": "",
                "mac": "fa:16:3e:56:3e:8c",
                "name": "my-terraform-network-1",
                "port": "",
                "uuid": "20d6a857-0b75-4e90-ac51-73abad39ff3d"
              }
            ],
            "network_mode": null,
            "personality": [],
            "power_state": "active",
            "region": "RegionOne",
            "scheduler_hints": [],
            "security_groups": [
              "my-terraform-secgroup"
            ],
            "stop_before_destroy": false,
            "tags": null,
            "timeouts": null,
            "updated": "2025-02-06 16:06:22 +0000 UTC",
            "user_data": "c011e66d2f0c8f7612dfc393175c4be7c4a127d2",
            "vendor_options": []
          },
          "sensitive_attributes": [
            [
              {
                "type": "get_attr",
                "value": "admin_pass"
              }
            ]
          ],
          "private": "eyJlMmJmYjczMC1lY2FhLTExZTYtOGY4OC0zNDM2M2JjN2M0YzAiOnsiY3JlYXRlIjoxODAwMDAwMDAwMDAwLCJkZWxldGUiOjE4MDAwMDAwMDAwMDAsInVwZGF0ZSI6MTgwMDAwMDAwMDAwMH19",
          "dependencies": [
            "data.openstack_compute_keypair_v2.terraform_keypair",
            "openstack_networking_network_v2.terraform_network",
            "openstack_networking_secgroup_v2.terraform_secgroup"
          ]
        }
      ]
    },
    {
      "mode": "managed",
      "type": "openstack_lb_listener_v2",
      "name": "listener_1",
      "provider": "provider[\"registry.terraform.io/terraform-provider-openstack/openstack\"]",
      "instances": [
        {
          "schema_version": 0,
          "attributes": {
            "admin_state_up": true,
            "allowed_cidrs": null,
            "alpn_protocols": [],
            "client_authentication": "NONE",
            "client_ca_tls_container_ref": "",
            "client_crl_container_ref": "",
            "connection_limit": -1,
            "default_pool_id": "",
            "default_tls_container_ref": "",
            "description": "",
            "hsts_include_subdomains": false,
            "hsts_max_age": 0,
            "hsts_preload": false,
            "id": "7c65cc05-68e0-4a60-97ca-6ebb1bbfb0d0",
            "insert_headers": null,
            "loadbalancer_id": "022e5579-0a47-4c34-b6be-40145a8bb1e1",
            "name": "my-listener",
            "protocol": "HTTP",
            "protocol_port": 8080,
            "region": "RegionOne",
            "sni_container_refs": null,
            "tags": null,
            "tenant_id": "42df268bf0cb4cc29c7df8a6db120545",
            "timeout_client_data": 50000,
            "timeout_member_connect": 5000,
            "timeout_member_data": 50000,
            "timeout_tcp_inspect": 0,
            "timeouts": null,
            "tls_ciphers": "",
            "tls_versions": []
          },
          "sensitive_attributes": [],
          "private": "eyJlMmJmYjczMC1lY2FhLTExZTYtOGY4OC0zNDM2M2JjN2M0YzAiOnsiY3JlYXRlIjo2MDAwMDAwMDAwMDAsImRlbGV0ZSI6NjAwMDAwMDAwMDAwLCJ1cGRhdGUiOjYwMDAwMDAwMDAwMH19",
          "dependencies": [
            "openstack_lb_loadbalancer_v2.lb_1",
            "openstack_networking_network_v2.terraform_network",
            "openstack_networking_subnet_v2.terraform_subnet"
          ]
        }
      ]
    },
    {
      "mode": "managed",
      "type": "openstack_lb_loadbalancer_v2",
      "name": "lb_1",
      "provider": "provider[\"registry.terraform.io/terraform-provider-openstack/openstack\"]",
      "instances": [
        {
          "schema_version": 0,
          "attributes": {
            "admin_state_up": true,
            "availability_zone": "",
            "description": "",
            "flavor_id": "",
            "id": "022e5579-0a47-4c34-b6be-40145a8bb1e1",
            "loadbalancer_provider": "amphora",
            "name": "my-terraform-lb",
            "region": "RegionOne",
            "security_group_ids": [
              "44cbd8c2-05ff-41f3-84dc-b91aee0bd92a"
            ],
            "tags": null,
            "tenant_id": "42df268bf0cb4cc29c7df8a6db120545",
            "timeouts": null,
            "vip_address": "192.168.255.16",
            "vip_network_id": "20d6a857-0b75-4e90-ac51-73abad39ff3d",
            "vip_port_id": "1dc2c099-30b7-4144-ba33-be2295cf4295",
            "vip_qos_policy_id": "",
            "vip_subnet_id": "40c4929e-7782-44e7-ba10-50ba2ae84da9"
          },
          "sensitive_attributes": [],
          "private": "eyJlMmJmYjczMC1lY2FhLTExZTYtOGY4OC0zNDM2M2JjN2M0YzAiOnsiY3JlYXRlIjo2MDAwMDAwMDAwMDAsImRlbGV0ZSI6MzAwMDAwMDAwMDAwLCJ1cGRhdGUiOjYwMDAwMDAwMDAwMH19",
          "dependencies": [
            "openstack_networking_network_v2.terraform_network",
            "openstack_networking_subnet_v2.terraform_subnet"
          ]
        }
      ]
    },
    {
      "mode": "managed",
      "type": "openstack_lb_member_v2",
      "name": "member_1",
      "provider": "provider[\"registry.terraform.io/terraform-provider-openstack/openstack\"]",
      "instances": [
        {
          "index_key": 0,
          "schema_version": 0,
          "attributes": {
            "address": "192.168.255.34",
            "admin_state_up": true,
            "backup": false,
            "id": "d4a39746-0861-4e7a-8707-0d92de6a1232",
            "monitor_address": "",
            "monitor_port": 0,
            "name": "",
            "pool_id": "b9da46eb-b629-4994-aa4c-2314bc423eb5",
            "protocol_port": 8080,
            "region": "RegionOne",
            "subnet_id": "",
            "tags": null,
            "tenant_id": "42df268bf0cb4cc29c7df8a6db120545",
            "timeouts": null,
            "weight": 1
          },
          "sensitive_attributes": [],
          "private": "eyJlMmJmYjczMC1lY2FhLTExZTYtOGY4OC0zNDM2M2JjN2M0YzAiOnsiY3JlYXRlIjo2MDAwMDAwMDAwMDAsImRlbGV0ZSI6NjAwMDAwMDAwMDAwLCJ1cGRhdGUiOjYwMDAwMDAwMDAwMH19",
          "dependencies": [
            "data.openstack_compute_keypair_v2.terraform_keypair",
            "openstack_compute_instance_v2.docker_instances",
            "openstack_lb_listener_v2.listener_1",
            "openstack_lb_loadbalancer_v2.lb_1",
            "openstack_lb_pool_v2.pool_1",
            "openstack_networking_network_v2.terraform_network",
            "openstack_networking_secgroup_v2.terraform_secgroup",
            "openstack_networking_subnet_v2.terraform_subnet"
          ]
        },
        {
          "index_key": 1,
          "schema_version": 0,
          "attributes": {
            "address": "192.168.255.112",
            "admin_state_up": true,
            "backup": false,
            "id": "855aadc4-67ef-4594-ac21-aee457a523d2",
            "monitor_address": "",
            "monitor_port": 0,
            "name": "",
            "pool_id": "b9da46eb-b629-4994-aa4c-2314bc423eb5",
            "protocol_port": 8080,
            "region": "RegionOne",
            "subnet_id": "",
            "tags": null,
            "tenant_id": "42df268bf0cb4cc29c7df8a6db120545",
            "timeouts": null,
            "weight": 1
          },
          "sensitive_attributes": [],
          "private": "eyJlMmJmYjczMC1lY2FhLTExZTYtOGY4OC0zNDM2M2JjN2M0YzAiOnsiY3JlYXRlIjo2MDAwMDAwMDAwMDAsImRlbGV0ZSI6NjAwMDAwMDAwMDAwLCJ1cGRhdGUiOjYwMDAwMDAwMDAwMH19",
          "dependencies": [
            "data.openstack_compute_keypair_v2.terraform_keypair",
            "openstack_compute_instance_v2.docker_instances",
            "openstack_lb_listener_v2.listener_1",
            "openstack_lb_loadbalancer_v2.lb_1",
            "openstack_lb_pool_v2.pool_1",
            "openstack_networking_network_v2.terraform_network",
            "openstack_networking_secgroup_v2.terraform_secgroup",
            "openstack_networking_subnet_v2.terraform_subnet"
          ]
        }
      ]
    },
    {
      "mode": "managed",
      "type": "openstack_lb_monitor_v2",
      "name": "monitor_1",
      "provider": "provider[\"registry.terraform.io/terraform-provider-openstack/openstack\"]",
      "instances": [
        {
          "schema_version": 0,
          "attributes": {
            "admin_state_up": true,
            "delay": 5,
            "domain_name": "",
            "expected_codes": "200",
            "http_method": "GET",
            "http_version": "",
            "id": "36081c39-17aa-4cb3-bcdc-0af3ffd70d0e",
            "max_retries": 3,
            "max_retries_down": 3,
            "name": "",
            "pool_id": "b9da46eb-b629-4994-aa4c-2314bc423eb5",
            "region": "RegionOne",
            "tenant_id": "42df268bf0cb4cc29c7df8a6db120545",
            "timeout": 3,
            "timeouts": null,
            "type": "HTTP",
            "url_path": "/"
          },
          "sensitive_attributes": [],
          "private": "eyJlMmJmYjczMC1lY2FhLTExZTYtOGY4OC0zNDM2M2JjN2M0YzAiOnsiY3JlYXRlIjo2MDAwMDAwMDAwMDAsImRlbGV0ZSI6NjAwMDAwMDAwMDAwLCJ1cGRhdGUiOjYwMDAwMDAwMDAwMH19",
          "dependencies": [
            "openstack_lb_listener_v2.listener_1",
            "openstack_lb_loadbalancer_v2.lb_1",
            "openstack_lb_pool_v2.pool_1",
            "openstack_networking_network_v2.terraform_network",
            "openstack_networking_subnet_v2.terraform_subnet"
          ]
        }
      ]
    },
    {
      "mode": "managed",
      "type": "openstack_lb_pool_v2",
      "name": "pool_1",
      "provider": "provider[\"registry.terraform.io/terraform-provider-openstack/openstack\"]",
      "instances": [
        {
          "schema_version": 0,
          "attributes": {
            "admin_state_up": true,
            "alpn_protocols": [],
            "ca_tls_container_ref": "",
            "crl_container_ref": "",
            "description": "",
            "id": "b9da46eb-b629-4994-aa4c-2314bc423eb5",
            "lb_method": "ROUND_ROBIN",
            "listener_id": "7c65cc05-68e0-4a60-97ca-6ebb1bbfb0d0",
            "loadbalancer_id": null,
            "name": "my-pool",
            "persistence": [],
            "protocol": "HTTP",
            "region": "RegionOne",
            "tags": null,
            "tenant_id": "42df268bf0cb4cc29c7df8a6db120545",
            "timeouts": null,
            "tls_ciphers": "",
            "tls_container_ref": "",
            "tls_enabled": false,
            "tls_versions": []
          },
          "sensitive_attributes": [],
          "private": "eyJlMmJmYjczMC1lY2FhLTExZTYtOGY4OC0zNDM2M2JjN2M0YzAiOnsiY3JlYXRlIjo2MDAwMDAwMDAwMDAsImRlbGV0ZSI6NjAwMDAwMDAwMDAwLCJ1cGRhdGUiOjYwMDAwMDAwMDAwMH19",
          "dependencies": [
            "openstack_lb_listener_v2.listener_1",
            "openstack_lb_loadbalancer_v2.lb_1",
            "openstack_networking_network_v2.terraform_network",
            "openstack_networking_subnet_v2.terraform_subnet"
          ]
        }
      ]
    },
    {
      "mode": "managed",
      "type": "openstack_networking_floatingip_v2",
      "name": "lb_floating_ip",
      "provider": "provider[\"registry.terraform.io/terraform-provider-openstack/openstack\"]",
      "instances": [
        {
          "schema_version": 0,
          "attributes": {
            "address": "10.32.7.51",
            "all_tags": [],
            "description": "",
            "dns_domain": "",
            "dns_name": "",
            "fixed_ip": "192.168.255.16",
            "id": "e61ecea1-5f38-4ce9-afc9-fdccf9a8c37c",
            "pool": "ext_net",
            "port_id": "1dc2c099-30b7-4144-ba33-be2295cf4295",
            "region": "RegionOne",
            "subnet_id": null,
            "subnet_ids": null,
            "tags": null,
            "tenant_id": "42df268bf0cb4cc29c7df8a6db120545",
            "timeouts": null,
            "value_specs": null
          },
          "sensitive_attributes": [],
          "private": "eyJlMmJmYjczMC1lY2FhLTExZTYtOGY4OC0zNDM2M2JjN2M0YzAiOnsiY3JlYXRlIjo2MDAwMDAwMDAwMDAsImRlbGV0ZSI6NjAwMDAwMDAwMDAwfX0=",
          "dependencies": [
            "openstack_lb_loadbalancer_v2.lb_1",
            "openstack_networking_network_v2.terraform_network",
            "openstack_networking_subnet_v2.terraform_subnet"
          ]
        }
      ]
    },
    {
      "mode": "managed",
      "type": "openstack_networking_network_v2",
      "name": "terraform_network",
      "provider": "provider[\"registry.terraform.io/terraform-provider-openstack/openstack\"]",
      "instances": [
        {
          "schema_version": 0,
          "attributes": {
            "admin_state_up": true,
            "all_tags": [],
            "availability_zone_hints": [],
            "description": "",
            "dns_domain": "",
            "external": false,
            "id": "20d6a857-0b75-4e90-ac51-73abad39ff3d",
            "mtu": 1442,
            "name": "my-terraform-network-1",
            "port_security_enabled": true,
            "qos_policy_id": "",
            "region": "RegionOne",
            "segments": [],
            "shared": false,
            "tags": null,
            "tenant_id": "42df268bf0cb4cc29c7df8a6db120545",
            "timeouts": null,
            "transparent_vlan": false,
            "value_specs": null
          },
          "sensitive_attributes": [],
          "private": "eyJlMmJmYjczMC1lY2FhLTExZTYtOGY4OC0zNDM2M2JjN2M0YzAiOnsiY3JlYXRlIjo2MDAwMDAwMDAwMDAsImRlbGV0ZSI6NjAwMDAwMDAwMDAwfX0="
        }
      ]
    },
    {
      "mode": "managed",
      "type": "openstack_networking_router_interface_v2",
      "name": "router_interface_1",
      "provider": "provider[\"registry.terraform.io/terraform-provider-openstack/openstack\"]",
      "instances": [
        {
          "schema_version": 0,
          "attributes": {
            "force_destroy": false,
            "id": "0e67da89-4bde-44d1-8625-c83b2b523a65",
            "port_id": "0e67da89-4bde-44d1-8625-c83b2b523a65",
            "region": "RegionOne",
            "router_id": "7f9dc49a-6206-444e-b078-78b478f3215f",
            "subnet_id": "40c4929e-7782-44e7-ba10-50ba2ae84da9",
            "timeouts": null
          },
          "sensitive_attributes": [],
          "private": "eyJlMmJmYjczMC1lY2FhLTExZTYtOGY4OC0zNDM2M2JjN2M0YzAiOnsiY3JlYXRlIjo2MDAwMDAwMDAwMDAsImRlbGV0ZSI6NjAwMDAwMDAwMDAwfX0=",
          "dependencies": [
            "data.openstack_networking_router_v2.existing_router",
            "openstack_networking_network_v2.terraform_network",
            "openstack_networking_subnet_v2.terraform_subnet"
          ]
        }
      ]
    },
    {
      "mode": "managed",
      "type": "openstack_networking_secgroup_rule_v2",
      "name": "secgroup_rule_backend",
      "provider": "provider[\"registry.terraform.io/terraform-provider-openstack/openstack\"]",
      "instances": [
        {
          "schema_version": 0,
          "attributes": {
            "description": "",
            "direction": "ingress",
            "ethertype": "IPv4",
            "id": "33998c72-68ed-47af-9419-510c4dd3800c",
            "port_range_max": 5001,
            "port_range_min": 5001,
            "protocol": "tcp",
            "region": "RegionOne",
            "remote_group_id": "",
            "remote_ip_prefix": "0.0.0.0/0",
            "security_group_id": "42108d90-e86b-4388-8312-5d32f77f4dcf",
            "tenant_id": "42df268bf0cb4cc29c7df8a6db120545",
            "timeouts": null
          },
          "sensitive_attributes": [],
          "private": "eyJlMmJmYjczMC1lY2FhLTExZTYtOGY4OC0zNDM2M2JjN2M0YzAiOnsiZGVsZXRlIjo2MDAwMDAwMDAwMDB9fQ==",
          "dependencies": [
            "openstack_networking_secgroup_v2.terraform_secgroup"
          ]
        }
      ]
    },
    {
      "mode": "managed",
      "type": "openstack_networking_secgroup_rule_v2",
      "name": "secgroup_rule_http",
      "provider": "provider[\"registry.terraform.io/terraform-provider-openstack/openstack\"]",
      "instances": [
        {
          "schema_version": 0,
          "attributes": {
            "description": "",
            "direction": "ingress",
            "ethertype": "IPv4",
            "id": "c698e401-ffd9-40a4-af38-644114b7d3e6",
            "port_range_max": 8080,
            "port_range_min": 8080,
            "protocol": "tcp",
            "region": "RegionOne",
            "remote_group_id": "",
            "remote_ip_prefix": "0.0.0.0/0",
            "security_group_id": "42108d90-e86b-4388-8312-5d32f77f4dcf",
            "tenant_id": "42df268bf0cb4cc29c7df8a6db120545",
            "timeouts": null
          },
          "sensitive_attributes": [],
          "private": "eyJlMmJmYjczMC1lY2FhLTExZTYtOGY4OC0zNDM2M2JjN2M0YzAiOnsiZGVsZXRlIjo2MDAwMDAwMDAwMDB9fQ==",
          "dependencies": [
            "openstack_networking_secgroup_v2.terraform_secgroup"
          ]
        }
      ]
    },
    {
      "mode": "managed",
      "type": "openstack_networking_secgroup_rule_v2",
      "name": "secgroup_rule_outbound",
      "provider": "provider[\"registry.terraform.io/terraform-provider-openstack/openstack\"]",
      "instances": [
        {
          "schema_version": 0,
          "attributes": {
            "description": "",
            "direction": "egress",
            "ethertype": "IPv4",
            "id": "e993d5e3-e993-4041-81ab-118cb721e12b",
            "port_range_max": 80,
            "port_range_min": 80,
            "protocol": "tcp",
            "region": "RegionOne",
            "remote_group_id": "",
            "remote_ip_prefix": "0.0.0.0/0",
            "security_group_id": "42108d90-e86b-4388-8312-5d32f77f4dcf",
            "tenant_id": "42df268bf0cb4cc29c7df8a6db120545",
            "timeouts": null
          },
          "sensitive_attributes": [],
          "private": "eyJlMmJmYjczMC1lY2FhLTExZTYtOGY4OC0zNDM2M2JjN2M0YzAiOnsiZGVsZXRlIjo2MDAwMDAwMDAwMDB9fQ==",
          "dependencies": [
            "openstack_networking_secgroup_v2.terraform_secgroup"
          ]
        }
      ]
    },
    {
      "mode": "managed",
      "type": "openstack_networking_secgroup_rule_v2",
      "name": "secgroup_rule_outbound_https",
      "provider": "provider[\"registry.terraform.io/terraform-provider-openstack/openstack\"]",
      "instances": [
        {
          "schema_version": 0,
          "attributes": {
            "description": "",
            "direction": "egress",
            "ethertype": "IPv4",
            "id": "400b24fa-0311-4793-ab46-8809fb90feb7",
            "port_range_max": 443,
            "port_range_min": 443,
            "protocol": "tcp",
            "region": "RegionOne",
            "remote_group_id": "",
            "remote_ip_prefix": "0.0.0.0/0",
            "security_group_id": "42108d90-e86b-4388-8312-5d32f77f4dcf",
            "tenant_id": "42df268bf0cb4cc29c7df8a6db120545",
            "timeouts": null
          },
          "sensitive_attributes": [],
          "private": "eyJlMmJmYjczMC1lY2FhLTExZTYtOGY4OC0zNDM2M2JjN2M0YzAiOnsiZGVsZXRlIjo2MDAwMDAwMDAwMDB9fQ==",
          "dependencies": [
            "openstack_networking_secgroup_v2.terraform_secgroup"
          ]
        }
      ]
    },
    {
      "mode": "managed",
      "type": "openstack_networking_secgroup_rule_v2",
      "name": "secgroup_rule_ssh",
      "provider": "provider[\"registry.terraform.io/terraform-provider-openstack/openstack\"]",
      "instances": [
        {
          "schema_version": 0,
          "attributes": {
            "description": "",
            "direction": "ingress",
            "ethertype": "IPv4",
            "id": "efff2017-a835-40c2-a45e-5de8e1580f5a",
            "port_range_max": 22,
            "port_range_min": 22,
            "protocol": "tcp",
            "region": "RegionOne",
            "remote_group_id": "",
            "remote_ip_prefix": "0.0.0.0/0",
            "security_group_id": "42108d90-e86b-4388-8312-5d32f77f4dcf",
            "tenant_id": "42df268bf0cb4cc29c7df8a6db120545",
            "timeouts": null
          },
          "sensitive_attributes": [],
          "private": "eyJlMmJmYjczMC1lY2FhLTExZTYtOGY4OC0zNDM2M2JjN2M0YzAiOnsiZGVsZXRlIjo2MDAwMDAwMDAwMDB9fQ==",
          "dependencies": [
            "openstack_networking_secgroup_v2.terraform_secgroup"
          ]
        }
      ]
    },
    {
      "mode": "managed",
      "type": "openstack_networking_secgroup_v2",
      "name": "terraform_secgroup",
      "provider": "provider[\"registry.terraform.io/terraform-provider-openstack/openstack\"]",
      "instances": [
        {
          "schema_version": 0,
          "attributes": {
            "all_tags": [],
            "delete_default_rules": null,
            "description": "Security group for Docker instance",
            "id": "42108d90-e86b-4388-8312-5d32f77f4dcf",
            "name": "my-terraform-secgroup",
            "region": "RegionOne",
            "stateful": true,
            "tags": null,
            "tenant_id": "42df268bf0cb4cc29c7df8a6db120545",
            "timeouts": null
          },
          "sensitive_attributes": [],
          "private": "eyJlMmJmYjczMC1lY2FhLTExZTYtOGY4OC0zNDM2M2JjN2M0YzAiOnsiZGVsZXRlIjo2MDAwMDAwMDAwMDB9fQ=="
        }
      ]
    },
    {
      "mode": "managed",
      "type": "openstack_networking_subnet_v2",
      "name": "terraform_subnet",
      "provider": "provider[\"registry.terraform.io/terraform-provider-openstack/openstack\"]",
      "instances": [
        {
          "schema_version": 0,
          "attributes": {
            "all_tags": [],
            "allocation_pool": [
              {
                "end": "192.168.255.254",
                "start": "192.168.255.2"
              }
            ],
            "cidr": "192.168.255.0/24",
            "description": "",
            "dns_nameservers": [
              "8.8.8.8",
              "8.8.4.4"
            ],
            "dns_publish_fixed_ip": false,
            "enable_dhcp": true,
            "gateway_ip": "192.168.255.1",
            "id": "40c4929e-7782-44e7-ba10-50ba2ae84da9",
            "ip_version": 4,
            "ipv6_address_mode": "",
            "ipv6_ra_mode": "",
            "name": "my-terraform-subnet-1",
            "network_id": "20d6a857-0b75-4e90-ac51-73abad39ff3d",
            "no_gateway": false,
            "prefix_length": null,
            "region": "RegionOne",
            "service_types": [],
            "subnetpool_id": "",
            "tags": null,
            "tenant_id": "42df268bf0cb4cc29c7df8a6db120545",
            "timeouts": null,
            "value_specs": null
          },
          "sensitive_attributes": [],
          "private": "eyJlMmJmYjczMC1lY2FhLTExZTYtOGY4OC0zNDM2M2JjN2M0YzAiOnsiY3JlYXRlIjo2MDAwMDAwMDAwMDAsImRlbGV0ZSI6NjAwMDAwMDAwMDAwfX0=",
          "dependencies": [
            "openstack_networking_network_v2.terraform_network"
          ]
        }
      ]
    }
  ],
  "check_results": null
}
